
Microsoft Visual Studio Solution File, Format Version 12.00
# Visual Studio 2013
VisualStudioVersion = 12.0.31101.0
MinimumVisualStudioVersion = 10.0.40219.1
Project("{FAE04EC0-301F-11D3-BF4B-00C04F79EFBC}") = "NetworkSimulator", "Simulator\NetworkSimulator.csproj", "{CC777BCD-560D-4E6F-927C-6378131B81D8}"
	ProjectSection(ProjectDependencies) = postProject
		{E7E288AD-885C-4995-9223-9E22BCABD4A7} = {E7E288AD-885C-4995-9223-9E22BCABD4A7}
	EndProjectSection
EndProject
Project("{FAE04EC0-301F-11D3-BF4B-00C04F79EFBC}") = "DatabaseInterface", "Interface\DatabaseInterface.csproj", "{FA363EBD-251E-422F-87C7-C6314A9538C6}"
EndProject
Project("{FAE04EC0-301F-11D3-BF4B-00C04F79EFBC}") = "Common", "Common\Common.csproj", "{E7E288AD-885C-4995-9223-9E22BCABD4A7}"
EndProject
Global
	GlobalSection(SolutionConfigurationPlatforms) = preSolution
		Debug|Any CPU = Debug|Any CPU
		Debug|Mixed Platforms = Debug|Mixed Platforms
		Debug|x86 = Debug|x86
		Release|Any CPU = Release|Any CPU
		Release|Mixed Platforms = Release|Mixed Platforms
		Release|x86 = Release|x86
	EndGlobalSection
	GlobalSection(ProjectConfigurationPlatforms) = postSolution
		{CC777BCD-560D-4E6F-927C-6378131B81D8}.Debug|Any CPU.ActiveCfg = Debug|x86
		{CC777BCD-560D-4E6F-927C-6378131B81D8}.Debug|Mixed Platforms.ActiveCfg = Debug|x86
		{CC777BCD-560D-4E6F-927C-6378131B81D8}.Debug|Mixed Platforms.Build.0 = Debug|x86
		{CC777BCD-560D-4E6F-927C-6378131B81D8}.Debug|x86.ActiveCfg = Debug|x86
		{CC777BCD-560D-4E6F-927C-6378131B81D8}.Debug|x86.Build.0 = Debug|x86
		{CC777BCD-560D-4E6F-927C-6378131B81D8}.Release|Any CPU.ActiveCfg = Release|x86
		{CC777BCD-560D-4E6F-927C-6378131B81D8}.Release|Mixed Platforms.ActiveCfg = Release|x86
		{CC777BCD-560D-4E6F-927C-6378131B81D8}.Release|Mixed Platforms.Build.0 = Release|x86
		{CC777BCD-560D-4E6F-927C-6378131B81D8}.Release|x86.ActiveCfg = Release|x86
		{CC777BCD-560D-4E6F-927C-6378131B81D8}.Release|x86.Build.0 = Release|x86
		{FA363EBD-251E-422F-87C7-C6314A9538C6}.Debug|Any CPU.ActiveCfg = Debug|Any CPU
		{FA363EBD-251E-422F-87C7-C6314A9538C6}.Debug|Any CPU.Build.0 = Debug|Any CPU
		{FA363EBD-251E-422F-87C7-C6314A9538C6}.Debug|Mixed Platforms.ActiveCfg = Debug|Any CPU
		{FA363EBD-251E-422F-87C7-C6314A9538C6}.Debug|Mixed Platforms.Build.0 = Debug|Any CPU
		{FA363EBD-251E-422F-87C7-C6314A9538C6}.Debug|x86.ActiveCfg = Debug|Any CPU
		{FA363EBD-251E-422F-87C7-C6314A9538C6}.Release|Any CPU.ActiveCfg = Release|Any CPU
		{FA363EBD-251E-422F-87C7-C6314A9538C6}.Release|Any CPU.Build.0 = Release|Any CPU
		{FA363EBD-251E-422F-87C7-C6314A9538C6}.Release|Mixed Platforms.ActiveCfg = Release|Any CPU
		{FA363EBD-251E-422F-87C7-C6314A9538C6}.Release|Mixed Platforms.Build.0 = Release|Any CPU
		{FA363EBD-251E-422F-87C7-C6314A9538C6}.Release|x86.ActiveCfg = Release|Any CPU
		{E7E288AD-885C-4995-9223-9E22BCABD4A7}.Debug|Any CPU.ActiveCfg = Debug|Any CPU
		{E7E288AD-885C-4995-9223-9E22BCABD4A7}.Debug|Any CPU.Build.0 = Debug|Any CPU
		{E7E288AD-885C-4995-9223-9E22BCABD4A7}.Debug|Mixed Platforms.ActiveCfg = Debug|Any CPU
		{E7E288AD-885C-4995-9223-9E22BCABD4A7}.Debug|Mixed Platforms.Build.0 = Debug|Any CPU
		{E7E288AD-885C-4995-9223-9E22BCABD4A7}.Debug|x86.ActiveCfg = Debug|Any CPU
		{E7E288AD-885C-4995-9223-9E22BCABD4A7}.Release|Any CPU.ActiveCfg = Release|Any CPU
		{E7E288AD-885C-4995-9223-9E22BCABD4A7}.Release|Any CPU.Build.0 = Release|Any CPU
		{E7E288AD-885C-4995-9223-9E22BCABD4A7}.Release|Mixed Platforms.ActiveCfg = Release|Any CPU
		{E7E288AD-885C-4995-9223-9E22BCABD4A7}.Release|Mixed Platforms.Build.0 = Release|Any CPU
		{E7E288AD-885C-4995-9223-9E22BCABD4A7}.Release|x86.ActiveCfg = Release|Any CPU
	EndGlobalSection
	GlobalSection(SolutionProperties) = preSolution
		HideSolutionNode = FALSE
	EndGlobalSection
	GlobalSection(SubversionScc) = preSolution
		Svn-Managed = True
		Manager = AnkhSVN - Subversion Support for Visual Studio
	EndGlobalSection
EndGlobal
